<?xml version="1.0" encoding="utf-8"?>
<Project ToolsVersion="4.0" xmlns="http://schemas.microsoft.com/developer/msbuild/2003">
  <ItemGroup>
    <Filter Include="Source Files">
      <UniqueIdentifier>{4FC737F1-C7A5-4376-A066-2A32D752A2FF}</UniqueIdentifier>
      <Extensions>cpp;c;cc;cxx;def;odl;idl;hpj;bat;asm;asmx</Extensions>
    </Filter>
    <Filter Include="Header Files">
      <UniqueIdentifier>{93995380-89BD-4b04-88EB-625FBE52EBFB}</UniqueIdentifier>
      <Extensions>h;hh;hpp;hxx;hm;inl;inc;xsd</Extensions>
    </Filter>
    <Filter Include="Resource Files">
      <UniqueIdentifier>{67DA6AB6-F800-4c08-8B7A-83BB121AAD01}</UniqueIdentifier>
      <Extensions>rc;ico;cur;bmp;dlg;rc2;rct;bin;rgs;gif;jpg;jpeg;jpe;resx;tiff;tif;png;wav</Extensions>
    </Filter>
  </ItemGroup>
  <ItemGroup>
    <None Include="build\examples\cvtest.bin">
      <Filter>Resource Files</Filter>
    </None>
    <None Include="build\examples\utest.bin">
      <Filter>Resource Files</Filter>
    </None>
  </ItemGroup>
  <ItemGroup>
    <ClInclude Include="include\itf\trackers\buffers.h">
      <Filter>Header Files</Filter>
    </ClInclude>
    <ClInclude Include="include\itf\trackers\klttracker.h">
      <Filter>Header Files</Filter>
    </ClInclude>
    <ClInclude Include="include\itf\trackers\mytracker.h">
      <Filter>Header Files</Filter>
    </ClInclude>
    <ClInclude Include="include\itf\trackers\tracker.h">
      <Filter>Header Files</Filter>
    </ClInclude>
    <ClInclude Include="include\itf\trackers\utils.h">
      <Filter>Header Files</Filter>
    </ClInclude>
    <ClInclude Include="include\itf\trackers\klt_c\base.h">
      <Filter>Header Files</Filter>
    </ClInclude>
    <ClInclude Include="include\itf\trackers\klt_c\convolve.h">
      <Filter>Header Files</Filter>
    </ClInclude>
    <ClInclude Include="include\itf\trackers\klt_c\error.h">
      <Filter>Header Files</Filter>
    </ClInclude>
    <ClInclude Include="include\itf\trackers\klt_c\klt.h">
      <Filter>Header Files</Filter>
    </ClInclude>
    <ClInclude Include="include\itf\trackers\klt_c\klt_util.h">
      <Filter>Header Files</Filter>
    </ClInclude>
    <ClInclude Include="include\itf\trackers\klt_c\pnmio.h">
      <Filter>Header Files</Filter>
    </ClInclude>
    <ClInclude Include="include\itf\trackers\klt_c\pyramid.h">
      <Filter>Header Files</Filter>
    </ClInclude>
    <ClInclude Include="include\itf\trackers\klt_c\stdafx.h">
      <Filter>Header Files</Filter>
    </ClInclude>
    <ClInclude Include="include\itf\trackers\klt_c\targetver.h">
      <Filter>Header Files</Filter>
    </ClInclude>
    <ClInclude Include="include\itf\trackers\klt_c\trk.h">
      <Filter>Header Files</Filter>
    </ClInclude>
  </ItemGroup>
  <ItemGroup>
    <ClCompile Include="..\src\itf\trackers\buffers.cpp">
      <Filter>Source Files</Filter>
    </ClCompile>
    <ClCompile Include="..\src\itf\trackers\klttracker.cpp">
      <Filter>Source Files</Filter>
    </ClCompile>
    <ClCompile Include="..\src\itf\trackers\klt_c\convolve.cpp">
      <Filter>Source Files</Filter>
    </ClCompile>
    <ClCompile Include="..\src\itf\trackers\klt_c\error.cpp">
      <Filter>Source Files</Filter>
    </ClCompile>
    <ClCompile Include="..\src\itf\trackers\klt_c\klt.cpp">
      <Filter>Source Files</Filter>
    </ClCompile>
    <ClCompile Include="..\src\itf\trackers\klt_c\klt_util.cpp">
      <Filter>Source Files</Filter>
    </ClCompile>
    <ClCompile Include="..\src\itf\trackers\klt_c\pnmio.cpp">
      <Filter>Source Files</Filter>
    </ClCompile>
    <ClCompile Include="..\src\itf\trackers\klt_c\pyramid.cpp">
      <Filter>Source Files</Filter>
    </ClCompile>
    <ClCompile Include="..\src\itf\trackers\klt_c\selectGoodFeatures.cpp">
      <Filter>Source Files</Filter>
    </ClCompile>
    <ClCompile Include="..\src\itf\trackers\klt_c\storeFeatures.cpp">
      <Filter>Source Files</Filter>
    </ClCompile>
    <ClCompile Include="..\src\itf\trackers\klt_c\trackFeatures.cpp">
      <Filter>Source Files</Filter>
    </ClCompile>
    <ClCompile Include="..\src\itf\trackers\klt_c\trk.cpp">
      <Filter>Source Files</Filter>
    </ClCompile>
    <ClCompile Include="..\src\itf\trackers\klt_c\writeFeatures.cpp">
      <Filter>Source Files</Filter>
    </ClCompile>
    <ClCompile Include="..\src\itf\trackers\mytrackerKLT.cpp">
      <Filter>Source Files</Filter>
    </ClCompile>
    <ClCompile Include="..\src\itf\trackers\utils.cpp">
      <Filter>Source Files</Filter>
    </ClCompile>
    <ClCompile Include="..\examples\cvtest.cpp">
      <Filter>Source Files</Filter>
    </ClCompile>
  </ItemGroup>
</Project>